#MicroXplorer Configuration settings - do not modify
Mcu.Family=STM32F4
ProjectManager.MainLocation=Core/Src
CAN2.CalculateBaudRate=333333
USB_DEVICE.CLASS_NAME_FS=CDC
RCC.PLLQoutputFreq_Value=48000000
ProjectManager.ProjectFileName=exampleioc.ioc
RCC.CortexFreq_Value=16000000
ProjectManager.KeepUserCode=true
Mcu.UserName=STM32F413RGTx
Mcu.PinsNb=19
ProjectManager.NoMain=false
USB_DEVICE.VirtualModeFS=Cdc_FS
PC13.Locked=true
CAN2.CalculateTimeBit=3000.00
RCC.PLLCLKFreq_Value=72000000
PC13.Signal=GPIO_Output
CAN1.IPParameters=CalculateTimeQuantum,CalculateTimeBit,CalculateBaudRate
RCC.PLLQCLKFreq_Value=48000000
CAN1.CalculateBaudRate=333333
CAN2.IPParameters=CalculateTimeQuantum,CalculateTimeBit,CalculateBaudRate
RCC.VCOI2SInputFreq_Value=1000000
ProjectManager.functionlistsort=1-MX_GPIO_Init-GPIO-false-HAL-true,2-SystemClock_Config-RCC-false-HAL-false,3-MX_CAN1_Init-CAN1-false-HAL-true,4-MX_CAN2_Init-CAN2-false-HAL-true,5-MX_CAN3_Init-CAN3-false-HAL-true,6-MX_CRC_Init-CRC-false-HAL-true,7-MX_USB_DEVICE_Init-USB_DEVICE-false-HAL-false
PH1\ -\ OSC_OUT.Mode=HSE-External-Oscillator
PA11.Mode=Device_Only
ProjectManager.DefaultFWLocation=true
RCC.PLLI2SRCLKFreq_Value=96000000
PB12.Locked=true
ProjectManager.DeletePrevious=true
PC1.Locked=true
USB_DEVICE.IPParameters=VirtualMode,VirtualModeFS,CLASS_NAME_FS
PH1\ -\ OSC_OUT.Locked=true
PinOutPanel.RotationAngle=0
RCC.FamilyName=M
ProjectManager.StackSize=0x400
Mcu.IP4=NVIC
PA13.Signal=SYS_JTMS-SWDIO
Mcu.IP5=RCC
Mcu.IP2=CAN3
NVIC.SVCall_IRQn=true\:0\:0\:false\:false\:true\:false\:false
Mcu.IP3=CRC
Mcu.IP0=CAN1
PA11.Locked=true
PA12.Locked=true
PA15.Locked=true
Mcu.IP1=CAN2
PA12.Signal=USB_OTG_FS_DP
PH0\ -\ OSC_IN.Mode=HSE-External-Oscillator
Mcu.UserConstants=
PH0\ -\ OSC_IN.Signal=RCC_OSC_IN
ProjectManager.TargetToolchain=EWARM V8.32
Mcu.ThirdPartyNb=0
PH0\ -\ OSC_IN.Locked=true
VP_CRC_VS_CRC.Signal=CRC_VS_CRC
RCC.SDIOFreq_Value=48000000
VP_USB_DEVICE_VS_USB_DEVICE_CDC_FS.Mode=CDC_FS
Mcu.IPNb=9
ProjectManager.PreviousToolchain=
PB9.Mode=CAN_Activate
PB6.Signal=CAN2_TX
RCC.SAI1BFreq_Value=16000000
PB9.Locked=true
RCC.PLLRoutputFreq_Value=72000000
PB6.Mode=CAN_Activate
Mcu.Pin6=PA8
Mcu.Pin7=PA11
ProjectManager.RegisterCallBack=
Mcu.Pin8=PA12
RCC.USBFreq_Value=48000000
Mcu.Pin9=PA13
CAN3.CalculateBaudRate=333333
Mcu.Pin0=PC13
Mcu.Pin1=PH0 - OSC_IN
GPIO.groupedBy=
Mcu.Pin2=PH1 - OSC_OUT
Mcu.Pin3=PC1
Mcu.Pin4=PA0
RCC.VCOI2SOutputFreq_Value=192000000
Mcu.Pin5=PB12
ProjectManager.ProjectBuild=false
RCC.HSE_VALUE=16000000
NVIC.UsageFault_IRQn=true\:0\:0\:false\:false\:true\:false\:false
PA0.Locked=true
NVIC.DebugMonitor_IRQn=true\:0\:0\:false\:false\:true\:false\:false
PH1\ -\ OSC_OUT.Signal=RCC_OSC_OUT
PA8.Locked=true
board=custom
RCC.VCOOutputFreq_Value=144000000
PA15.Mode=CAN_Activate
NVIC.SysTick_IRQn=true\:0\:0\:false\:false\:true\:false\:true
ProjectManager.LastFirmware=true
RCC.DFSDM2Freq_Value=16000000
ProjectManager.FirmwarePackage=STM32Cube FW_F4 V1.25.2
CAN3.CalculateTimeBit=3000.00
MxDb.Version=DB.6.0.10
ProjectManager.BackupPrevious=false
MxCube.Version=6.1.1
RCC.VCOInputFreq_Value=2000000
PA14.Mode=Serial_Wire
RCC.RNGFreq_Value=48000000
PB5.Mode=CAN_Activate
File.Version=6
VP_SYS_VS_Systick.Mode=SysTick
CAN2.CalculateTimeQuantum=1000.0
CAN3.IPParameters=CalculateTimeQuantum,CalculateTimeBit,CalculateBaudRate
PA8.Signal=CAN3_RX
PB8.Locked=true
NVIC.NonMaskableInt_IRQn=true\:0\:0\:false\:false\:true\:false\:false
RCC.PLLRCLKFreq_Value=72000000
PB6.Locked=true
NVIC.PendSV_IRQn=true\:0\:0\:false\:false\:true\:false\:false
CAN3.CalculateTimeQuantum=1000.0
PA13.Mode=Serial_Wire
ProjectManager.FreePins=false
RCC.IPParameters=CortexFreq_Value,DFSDM2Freq_Value,DFSDMFreq_Value,FamilyName,HSE_VALUE,LPTimerFreq_Value,PLLCLKFreq_Value,PLLI2SRCLKFreq_Value,PLLM,PLLN,PLLQ,PLLQCLKFreq_Value,PLLQoutputFreq_Value,PLLRCLKFreq_Value,PLLRoutputFreq_Value,RNGFreq_Value,SAI1AFreq_Value,SAI1BFreq_Value,SDIOFreq_Value,USBFreq_Value,VCOI2SInputFreq_Value,VCOI2SOutputFreq_Value,VCOInputFreq_Value,VCOOutputFreq_Value
ProjectManager.AskForMigrate=true
Mcu.Name=STM32F413R(G-H)Tx
ProjectManager.HalAssertFull=false
ProjectManager.ProjectName=exampleioc
ProjectManager.UnderRoot=false
PA0.Signal=GPIO_Output
Mcu.IP8=USB_OTG_FS
Mcu.IP6=SYS
Mcu.IP7=USB_DEVICE
ProjectManager.CoupleFile=false
Mcu.Package=LQFP64
PB5.Signal=CAN2_RX
PB9.Signal=CAN1_TX
PA12.Mode=Device_Only
NVIC.ForceEnableDMAVector=true
KeepUserPlacement=false
RCC.SAI1AFreq_Value=16000000
NVIC.MemoryManagement_IRQn=true\:0\:0\:false\:false\:true\:false\:false
NVIC.OTG_FS_IRQn=true\:0\:0\:false\:false\:true\:false\:true
ProjectManager.CompilerOptimize=6
ProjectManager.ToolChainLocation=
VP_SYS_VS_Systick.Signal=SYS_VS_Systick
PA11.Signal=USB_OTG_FS_DM
PA14.Signal=SYS_JTCK-SWCLK
USB_OTG_FS.VirtualMode=Device_Only
PA15.Signal=CAN3_TX
ProjectManager.HeapSize=0x200
Mcu.Pin15=PB9
NVIC.HardFault_IRQn=true\:0\:0\:false\:false\:true\:false\:false
Mcu.Pin16=VP_CRC_VS_CRC
VP_USB_DEVICE_VS_USB_DEVICE_CDC_FS.Signal=USB_DEVICE_VS_USB_DEVICE_CDC_FS
RCC.DFSDMFreq_Value=16000000
Mcu.Pin13=PB6
Mcu.Pin14=PB8
ProjectManager.ComputerToolchain=false
Mcu.Pin17=VP_SYS_VS_Systick
Mcu.Pin18=VP_USB_DEVICE_VS_USB_DEVICE_CDC_FS
RCC.PLLQ=3
NVIC.PriorityGroup=NVIC_PRIORITYGROUP_4
Mcu.Pin11=PA15
Mcu.Pin12=PB5
RCC.PLLM=8
PB8.Mode=CAN_Activate
RCC.PLLN=72
Mcu.Pin10=PA14
PB8.Signal=CAN1_RX
NVIC.BusFault_IRQn=true\:0\:0\:false\:false\:true\:false\:false
PA8.Mode=CAN_Activate
USB_OTG_FS.IPParameters=VirtualMode
RCC.LPTimerFreq_Value=16000000
CAN1.CalculateTimeBit=3000.00
VP_CRC_VS_CRC.Mode=CRC_Activate
USB_DEVICE.VirtualMode=Cdc
ProjectManager.CustomerFirmwarePackage=
ProjectManager.DeviceId=STM32F413RGTx
PC1.Signal=GPIO_Output
PB12.Signal=GPIO_Output
ProjectManager.LibraryCopy=0
CAN1.CalculateTimeQuantum=1000.0
